
Microsoft Visual Studio Solution File, Format Version 12.00
# Visual Studio Version 17
VisualStudioVersion = 17.0.32112.339
MinimumVisualStudioVersion = 10.0.40219.1
Project("{FAE04EC0-301F-11D3-BF4B-00C04F79EFBC}") = "MVC Lab", "MVC Lab\MVC Lab.csproj", "{5F71519C-E483-442E-A3D3-0DD34F02D6D2}"
EndProject
Global
	GlobalSection(SolutionConfigurationPlatforms) = preSolution
		Debug|Any CPU = Debug|Any CPU
		Release|Any CPU = Release|Any CPU
	EndGlobalSection
	GlobalSection(ProjectConfigurationPlatforms) = postSolution
		{5F71519C-E483-442E-A3D3-0DD34F02D6D2}.Debug|Any CPU.ActiveCfg = Debug|Any CPU
		{5F71519C-E483-442E-A3D3-0DD34F02D6D2}.Debug|Any CPU.Build.0 = Debug|Any CPU
		{5F71519C-E483-442E-A3D3-0DD34F02D6D2}.Release|Any CPU.ActiveCfg = Release|Any CPU
		{5F71519C-E483-442E-A3D3-0DD34F02D6D2}.Release|Any CPU.Build.0 = Release|Any CPU
	EndGlobalSection
	GlobalSection(SolutionProperties) = preSolution
		HideSolutionNode = FALSE
	EndGlobalSection
	GlobalSection(ExtensibilityGlobals) = postSolution
		SolutionGuid = {BB255EAD-A9B3-4218-81E4-19164908579E}
	EndGlobalSection
EndGlobal
